
Microsoft Visual Studio Solution File, Format Version 12.00
# Visual Studio Version 17
VisualStudioVersion = 17.5.33502.453
MinimumVisualStudioVersion = 10.0.40219.1
Project("{FAE04EC0-301F-11D3-BF4B-00C04F79EFBC}") = "Task4Client", "Task4Client\Task4Client.csproj", "{ACEBAEE3-5D4D-4A7D-87C5-7276F091AAC6}"
EndProject
Global
	GlobalSection(SolutionConfigurationPlatforms) = preSolution
		Debug|Any CPU = Debug|Any CPU
		Release|Any CPU = Release|Any CPU
	EndGlobalSection
	GlobalSection(ProjectConfigurationPlatforms) = postSolution
		{ACEBAEE3-5D4D-4A7D-87C5-7276F091AAC6}.Debug|Any CPU.ActiveCfg = Debug|Any CPU
		{ACEBAEE3-5D4D-4A7D-87C5-7276F091AAC6}.Debug|Any CPU.Build.0 = Debug|Any CPU
		{ACEBAEE3-5D4D-4A7D-87C5-7276F091AAC6}.Release|Any CPU.ActiveCfg = Release|Any CPU
		{ACEBAEE3-5D4D-4A7D-87C5-7276F091AAC6}.Release|Any CPU.Build.0 = Release|Any CPU
	EndGlobalSection
	GlobalSection(SolutionProperties) = preSolution
		HideSolutionNode = FALSE
	EndGlobalSection
	GlobalSection(ExtensibilityGlobals) = postSolution
		SolutionGuid = {8FE1880A-B72D-4893-878E-3AF04A383CB3}
	EndGlobalSection
EndGlobal
